
Microsoft Visual Studio Solution File, Format Version 12.00
# Visual Studio Version 16
VisualStudioVersion = 16.0.30621.155
MinimumVisualStudioVersion = 10.0.40219.1
Project("{9A19103F-16F7-4668-BE54-9A1E7A4F7556}") = "StudentManagement", "StudentManagement\StudentManagement.csproj", "{C636CF5D-8050-49A2-9B85-F642CC3A44EE}"
EndProject
Global
	GlobalSection(SolutionConfigurationPlatforms) = preSolution
		Debug|Any CPU = Debug|Any CPU
		Release|Any CPU = Release|Any CPU
	EndGlobalSection
	GlobalSection(ProjectConfigurationPlatforms) = postSolution
		{C636CF5D-8050-49A2-9B85-F642CC3A44EE}.Debug|Any CPU.ActiveCfg = Debug|Any CPU
		{C636CF5D-8050-49A2-9B85-F642CC3A44EE}.Debug|Any CPU.Build.0 = Debug|Any CPU
		{C636CF5D-8050-49A2-9B85-F642CC3A44EE}.Release|Any CPU.ActiveCfg = Release|Any CPU
		{C636CF5D-8050-49A2-9B85-F642CC3A44EE}.Release|Any CPU.Build.0 = Release|Any CPU
	EndGlobalSection
	GlobalSection(SolutionProperties) = preSolution
		HideSolutionNode = FALSE
	EndGlobalSection
	GlobalSection(ExtensibilityGlobals) = postSolution
		SolutionGuid = {5E3A0985-C535-4641-B7E0-24C6FF82520C}
	EndGlobalSection
EndGlobal
